
Microsoft Visual Studio Solution File, Format Version 12.00
# Visual Studio Version 16
VisualStudioVersion = 16.0.31911.196
MinimumVisualStudioVersion = 10.0.40219.1
Project("{FAE04EC0-301F-11D3-BF4B-00C04F79EFBC}") = "Module2HW5", "Module2HW5\Module2HW5.csproj", "{D3ACD3FA-795A-4DC3-9A73-D90944985828}"
EndProject
Global
	GlobalSection(SolutionConfigurationPlatforms) = preSolution
		Debug|Any CPU = Debug|Any CPU
		Release|Any CPU = Release|Any CPU
	EndGlobalSection
	GlobalSection(ProjectConfigurationPlatforms) = postSolution
		{D3ACD3FA-795A-4DC3-9A73-D90944985828}.Debug|Any CPU.ActiveCfg = Debug|Any CPU
		{D3ACD3FA-795A-4DC3-9A73-D90944985828}.Debug|Any CPU.Build.0 = Debug|Any CPU
		{D3ACD3FA-795A-4DC3-9A73-D90944985828}.Release|Any CPU.ActiveCfg = Release|Any CPU
		{D3ACD3FA-795A-4DC3-9A73-D90944985828}.Release|Any CPU.Build.0 = Release|Any CPU
	EndGlobalSection
	GlobalSection(SolutionProperties) = preSolution
		HideSolutionNode = FALSE
	EndGlobalSection
	GlobalSection(ExtensibilityGlobals) = postSolution
		SolutionGuid = {C3A1FDB1-9448-4A17-86CD-71D4B6EFEE67}
	EndGlobalSection
EndGlobal
